// !$*UTF8*$!
{
	archiveVersion = 1;
	classes = {
	};
	objectVersion = 55;
	objects = {

/* Begin PBXBuildFile section */
		3E21B7952895150200DA097A /* AppDelegate.swift in Sources */ = {isa = PBXBuildFile; fileRef = 3E21B7942895150200DA097A /* AppDelegate.swift */; };
		3E21B7972895150200DA097A /* SceneDelegate.swift in Sources */ = {isa = PBXBuildFile; fileRef = 3E21B7962895150200DA097A /* SceneDelegate.swift */; };
		3E21B7992895150200DA097A /* ViewController.swift in Sources */ = {isa = PBXBuildFile; fileRef = 3E21B7982895150200DA097A /* ViewController.swift */; };
		3E21B79C2895150200DA097A /* Main.storyboard in Resources */ = {isa = PBXBuildFile; fileRef = 3E21B79A2895150200DA097A /* Main.storyboard */; };
		3E21B79E2895150200DA097A /* Assets.xcassets in Resources */ = {isa = PBXBuildFile; fileRef = 3E21B79D2895150200DA097A /* Assets.xcassets */; };
		3E21B7A12895150200DA097A /* LaunchScreen.storyboard in Resources */ = {isa = PBXBuildFile; fileRef = 3E21B79F2895150200DA097A /* LaunchScreen.storyboard */; };
		3E21B7A928951FED00DA097A /* GoogleService-Info.plist in Resources */ = {isa = PBXBuildFile; fileRef = 3E21B7A828951FED00DA097A /* GoogleService-Info.plist */; };
		3E21B7AC289673D200DA097A /* FirebaseDatabase in Frameworks */ = {isa = PBXBuildFile; productRef = 3E21B7AB289673D200DA097A /* FirebaseDatabase */; };
		3EE263DD2897DE0A003A3106 /* MainViewController.swift in Sources */ = {isa = PBXBuildFile; fileRef = 3EE263DC2897DE0A003A3106 /* MainViewController.swift */; };
		3EE263E02897DE42003A3106 /* Extension.swift in Sources */ = {isa = PBXBuildFile; fileRef = 3EE263DF2897DE42003A3106 /* Extension.swift */; };
		3EE263E22897DE54003A3106 /* Fonts.swift in Sources */ = {isa = PBXBuildFile; fileRef = 3EE263E12897DE54003A3106 /* Fonts.swift */; };
		3EE263E42897DE5E003A3106 /* Model.swift in Sources */ = {isa = PBXBuildFile; fileRef = 3EE263E32897DE5E003A3106 /* Model.swift */; };
/* End PBXBuildFile section */

/* Begin PBXFileReference section */
		3E21B7912895150200DA097A /* Musicary.app */ = {isa = PBXFileReference; explicitFileType = wrapper.application; includeInIndex = 0; path = Musicary.app; sourceTree = BUILT_PRODUCTS_DIR; };
		3E21B7942895150200DA097A /* AppDelegate.swift */ = {isa = PBXFileReference; lastKnownFileType = sourcecode.swift; path = AppDelegate.swift; sourceTree = "<group>"; };
		3E21B7962895150200DA097A /* SceneDelegate.swift */ = {isa = PBXFileReference; lastKnownFileType = sourcecode.swift; path = SceneDelegate.swift; sourceTree = "<group>"; };
		3E21B7982895150200DA097A /* ViewController.swift */ = {isa = PBXFileReference; lastKnownFileType = sourcecode.swift; path = ViewController.swift; sourceTree = "<group>"; };
		3E21B79B2895150200DA097A /* Base */ = {isa = PBXFileReference; lastKnownFileType = file.storyboard; name = Base; path = Base.lproj/Main.storyboard; sourceTree = "<group>"; };
		3E21B79D2895150200DA097A /* Assets.xcassets */ = {isa = PBXFileReference; lastKnownFileType = folder.assetcatalog; path = Assets.xcassets; sourceTree = "<group>"; };
		3E21B7A02895150200DA097A /* Base */ = {isa = PBXFileReference; lastKnownFileType = file.storyboard; name = Base; path = Base.lproj/LaunchScreen.storyboard; sourceTree = "<group>"; };
		3E21B7A22895150200DA097A /* Info.plist */ = {isa = PBXFileReference; lastKnownFileType = text.plist.xml; path = Info.plist; sourceTree = "<group>"; };
		3E21B7A828951FED00DA097A /* GoogleService-Info.plist */ = {isa = PBXFileReference; fileEncoding = 4; lastKnownFileType = text.plist.xml; path = "GoogleService-Info.plist"; sourceTree = "<group>"; };
		3EE263DC2897DE0A003A3106 /* MainViewController.swift */ = {isa = PBXFileReference; lastKnownFileType = sourcecode.swift; path = MainViewController.swift; sourceTree = "<group>"; };
		3EE263DF2897DE42003A3106 /* Extension.swift */ = {isa = PBXFileReference; lastKnownFileType = sourcecode.swift; path = Extension.swift; sourceTree = "<group>"; };
		3EE263E12897DE54003A3106 /* Fonts.swift */ = {isa = PBXFileReference; lastKnownFileType = sourcecode.swift; path = Fonts.swift; sourceTree = "<group>"; };
		3EE263E32897DE5E003A3106 /* Model.swift */ = {isa = PBXFileReference; lastKnownFileType = sourcecode.swift; path = Model.swift; sourceTree = "<group>"; };
/* End PBXFileReference section */

/* Begin PBXFrameworksBuildPhase section */
		3E21B78E2895150200DA097A /* Frameworks */ = {
			isa = PBXFrameworksBuildPhase;
			buildActionMask = 2147483647;
			files = (
				3E21B7AC289673D200DA097A /* FirebaseDatabase in Frameworks */,
			);
			runOnlyForDeploymentPostprocessing = 0;
		};
/* End PBXFrameworksBuildPhase section */

/* Begin PBXGroup section */
		3E21B7882895150100DA097A = {
			isa = PBXGroup;
			children = (
				3E21B7932895150200DA097A /* Musicary */,
				3E21B7922895150200DA097A /* Products */,
			);
			sourceTree = "<group>";
		};
		3E21B7922895150200DA097A /* Products */ = {
			isa = PBXGroup;
			children = (
				3E21B7912895150200DA097A /* Musicary.app */,
			);
			name = Products;
			sourceTree = "<group>";
		};
		3E21B7932895150200DA097A /* Musicary */ = {
			isa = PBXGroup;
			children = (
				3EE263D32897DD32003A3106 /* Model */,
				3EE263D42897DD38003A3106 /* Screens */,
				3EE263D52897DD40003A3106 /* Global */,
				3E21B7982895150200DA097A /* ViewController.swift */,
				3E21B79F2895150200DA097A /* LaunchScreen.storyboard */,
			);
			path = Musicary;
			sourceTree = "<group>";
		};
		3EE263D32897DD32003A3106 /* Model */ = {
			isa = PBXGroup;
			children = (
				3EE263E32897DE5E003A3106 /* Model.swift */,
			);
			path = Model;
			sourceTree = "<group>";
		};
		3EE263D42897DD38003A3106 /* Screens */ = {
			isa = PBXGroup;
			children = (
				3EE263DC2897DE0A003A3106 /* MainViewController.swift */,
			);
			path = Screens;
			sourceTree = "<group>";
		};
		3EE263D52897DD40003A3106 /* Global */ = {
			isa = PBXGroup;
			children = (
				3EE263D72897DD77003A3106 /* Extension */,
				3EE263D62897DD61003A3106 /* Supports */,
				3EE263D82897DD8B003A3106 /* Resource */,
			);
			path = Global;
			sourceTree = "<group>";
		};
		3EE263D62897DD61003A3106 /* Supports */ = {
			isa = PBXGroup;
			children = (
				3E21B7A828951FED00DA097A /* GoogleService-Info.plist */,
				3E21B7A22895150200DA097A /* Info.plist */,
				3E21B7942895150200DA097A /* AppDelegate.swift */,
				3E21B7962895150200DA097A /* SceneDelegate.swift */,
			);
			path = Supports;
			sourceTree = "<group>";
		};
		3EE263D72897DD77003A3106 /* Extension */ = {
			isa = PBXGroup;
			children = (
				3EE263DF2897DE42003A3106 /* Extension.swift */,
			);
			path = Extension;
			sourceTree = "<group>";
		};
		3EE263D82897DD8B003A3106 /* Resource */ = {
			isa = PBXGroup;
			children = (
				3EE263D92897DD94003A3106 /* Fonts */,
				3EE263DB2897DD9E003A3106 /* Storyboard */,
				3E21B79D2895150200DA097A /* Assets.xcassets */,
			);
			path = Resource;
			sourceTree = "<group>";
		};
		3EE263D92897DD94003A3106 /* Fonts */ = {
			isa = PBXGroup;
			children = (
				3EE263E12897DE54003A3106 /* Fonts.swift */,
			);
			path = Fonts;
			sourceTree = "<group>";
		};
		3EE263DB2897DD9E003A3106 /* Storyboard */ = {
			isa = PBXGroup;
			children = (
				3E21B79A2895150200DA097A /* Main.storyboard */,
			);
			path = Storyboard;
			sourceTree = "<group>";
		};
/* End PBXGroup section */

/* Begin PBXNativeTarget section */
		3E21B7902895150200DA097A /* Musicary */ = {
			isa = PBXNativeTarget;
			buildConfigurationList = 3E21B7A52895150200DA097A /* Build configuration list for PBXNativeTarget "Musicary" */;
			buildPhases = (
				3E21B78D2895150200DA097A /* Sources */,
				3E21B78E2895150200DA097A /* Frameworks */,
				3E21B78F2895150200DA097A /* Resources */,
			);
			buildRules = (
			);
			dependencies = (
			);
			name = Musicary;
			packageProductDependencies = (
				3E21B7AB289673D200DA097A /* FirebaseDatabase */,
			);
			productName = Musicary;
			productReference = 3E21B7912895150200DA097A /* Musicary.app */;
			productType = "com.apple.product-type.application";
		};
/* End PBXNativeTarget section */

/* Begin PBXProject section */
		3E21B7892895150100DA097A /* Project object */ = {
			isa = PBXProject;
			attributes = {
				BuildIndependentTargetsInParallel = 1;
				LastSwiftUpdateCheck = 1340;
				LastUpgradeCheck = 1340;
				TargetAttributes = {
					3E21B7902895150200DA097A = {
						CreatedOnToolsVersion = 13.4.1;
					};
				};
			};
			buildConfigurationList = 3E21B78C2895150100DA097A /* Build configuration list for PBXProject "Musicary" */;
			compatibilityVersion = "Xcode 13.0";
			developmentRegion = en;
			hasScannedForEncodings = 0;
			knownRegions = (
				en,
				Base,
			);
			mainGroup = 3E21B7882895150100DA097A;
			packageReferences = (
				3E21B7AA289673D200DA097A /* XCRemoteSwiftPackageReference "firebase-ios-sdk" */,
			);
			productRefGroup = 3E21B7922895150200DA097A /* Products */;
			projectDirPath = "";
			projectRoot = "";
			targets = (
				3E21B7902895150200DA097A /* Musicary */,
			);
		};
/* End PBXProject section */

/* Begin PBXResourcesBuildPhase section */
		3E21B78F2895150200DA097A /* Resources */ = {
			isa = PBXResourcesBuildPhase;
			buildActionMask = 2147483647;
			files = (
				3E21B7A12895150200DA097A /* LaunchScreen.storyboard in Resources */,
				3E21B7A928951FED00DA097A /* GoogleService-Info.plist in Resources */,
				3E21B79E2895150200DA097A /* Assets.xcassets in Resources */,
				3E21B79C2895150200DA097A /* Main.storyboard in Resources */,
			);
			runOnlyForDeploymentPostprocessing = 0;
		};
/* End PBXResourcesBuildPhase section */

/* Begin PBXSourcesBuildPhase section */
		3E21B78D2895150200DA097A /* Sources */ = {
			isa = PBXSourcesBuildPhase;
			buildActionMask = 2147483647;
			files = (
				3EE263E42897DE5E003A3106 /* Model.swift in Sources */,
				3EE263E02897DE42003A3106 /* Extension.swift in Sources */,
				3E21B7992895150200DA097A /* ViewController.swift in Sources */,
				3E21B7952895150200DA097A /* AppDelegate.swift in Sources */,
				3E21B7972895150200DA097A /* SceneDelegate.swift in Sources */,
				3EE263E22897DE54003A3106 /* Fonts.swift in Sources */,
				3EE263DD2897DE0A003A3106 /* MainViewController.swift in Sources */,
			);
			runOnlyForDeploymentPostprocessing = 0;
		};
/* End PBXSourcesBuildPhase section */

/* Begin PBXVariantGroup section */
		3E21B79A2895150200DA097A /* Main.storyboard */ = {
			isa = PBXVariantGroup;
			children = (
				3E21B79B2895150200DA097A /* Base */,
			);
			name = Main.storyboard;
			sourceTree = "<group>";
		};
		3E21B79F2895150200DA097A /* LaunchScreen.storyboard */ = {
			isa = PBXVariantGroup;
			children = (
				3E21B7A02895150200DA097A /* Base */,
			);
			name = LaunchScreen.storyboard;
			sourceTree = "<group>";
		};
/* End PBXVariantGroup section */

/* Begin XCBuildConfiguration section */
		3E21B7A32895150200DA097A /* Debug */ = {
			isa = XCBuildConfiguration;
			buildSettings = {
				ALWAYS_SEARCH_USER_PATHS = NO;
				CLANG_ANALYZER_NONNULL = YES;
				CLANG_ANALYZER_NUMBER_OBJECT_CONVERSION = YES_AGGRESSIVE;
				CLANG_CXX_LANGUAGE_STANDARD = "gnu++17";
				CLANG_ENABLE_MODULES = YES;
				CLANG_ENABLE_OBJC_ARC = YES;
				CLANG_ENABLE_OBJC_WEAK = YES;
				CLANG_WARN_BLOCK_CAPTURE_AUTORELEASING = YES;
				CLANG_WARN_BOOL_CONVERSION = YES;
				CLANG_WARN_COMMA = YES;
				CLANG_WARN_CONSTANT_CONVERSION = YES;
				CLANG_WARN_DEPRECATED_OBJC_IMPLEMENTATIONS = YES;
				CLANG_WARN_DIRECT_OBJC_ISA_USAGE = YES_ERROR;
				CLANG_WARN_DOCUMENTATION_COMMENTS = YES;
				CLANG_WARN_EMPTY_BODY = YES;
				CLANG_WARN_ENUM_CONVERSION = YES;
				CLANG_WARN_INFINITE_RECURSION = YES;
				CLANG_WARN_INT_CONVERSION = YES;
				CLANG_WARN_NON_LITERAL_NULL_CONVERSION = YES;
				CLANG_WARN_OBJC_IMPLICIT_RETAIN_SELF = YES;
				CLANG_WARN_OBJC_LITERAL_CONVERSION = YES;
				CLANG_WARN_OBJC_ROOT_CLASS = YES_ERROR;
				CLANG_WARN_QUOTED_INCLUDE_IN_FRAMEWORK_HEADER = YES;
				CLANG_WARN_RANGE_LOOP_ANALYSIS = YES;
				CLANG_WARN_STRICT_PROTOTYPES = YES;
				CLANG_WARN_SUSPICIOUS_MOVE = YES;
				CLANG_WARN_UNGUARDED_AVAILABILITY = YES_AGGRESSIVE;
				CLANG_WARN_UNREACHABLE_CODE = YES;
				CLANG_WARN__DUPLICATE_METHOD_MATCH = YES;
				COPY_PHASE_STRIP = NO;
				DEBUG_INFORMATION_FORMAT = dwarf;
				ENABLE_STRICT_OBJC_MSGSEND = YES;
				ENABLE_TESTABILITY = YES;
				GCC_C_LANGUAGE_STANDARD = gnu11;
				GCC_DYNAMIC_NO_PIC = NO;
				GCC_NO_COMMON_BLOCKS = YES;
				GCC_OPTIMIZATION_LEVEL = 0;
				GCC_PREPROCESSOR_DEFINITIONS = (
					"DEBUG=1",
					"$(inherited)",
				);
				GCC_WARN_64_TO_32_BIT_CONVERSION = YES;
				GCC_WARN_ABOUT_RETURN_TYPE = YES_ERROR;
				GCC_WARN_UNDECLARED_SELECTOR = YES;
				GCC_WARN_UNINITIALIZED_AUTOS = YES_AGGRESSIVE;
				GCC_WARN_UNUSED_FUNCTION = YES;
				GCC_WARN_UNUSED_VARIABLE = YES;
				IPHONEOS_DEPLOYMENT_TARGET = 15.5;
				MTL_ENABLE_DEBUG_INFO = INCLUDE_SOURCE;
				MTL_FAST_MATH = YES;
				ONLY_ACTIVE_ARCH = YES;
				SDKROOT = iphoneos;
				SWIFT_ACTIVE_COMPILATION_CONDITIONS = DEBUG;
				SWIFT_OPTIMIZATION_LEVEL = "-Onone";
			};
			name = Debug;
		};
		3E21B7A42895150200DA097A /* Release */ = {
			isa = XCBuildConfiguration;
			buildSettings = {
				ALWAYS_SEARCH_USER_PATHS = NO;
				CLANG_ANALYZER_NONNULL = YES;
				CLANG_ANALYZER_NUMBER_OBJECT_CONVERSION = YES_AGGRESSIVE;
				CLANG_CXX_LANGUAGE_STANDARD = "gnu++17";
				CLANG_ENABLE_MODULES = YES;
				CLANG_ENABLE_OBJC_ARC = YES;
				CLANG_ENABLE_OBJC_WEAK = YES;
				CLANG_WARN_BLOCK_CAPTURE_AUTORELEASING = YES;
				CLANG_WARN_BOOL_CONVERSION = YES;
				CLANG_WARN_COMMA = YES;
				CLANG_WARN_CONSTANT_CONVERSION = YES;
				CLANG_WARN_DEPRECATED_OBJC_IMPLEMENTATIONS = YES;
				CLANG_WARN_DIRECT_OBJC_ISA_USAGE = YES_ERROR;
				CLANG_WARN_DOCUMENTATION_COMMENTS = YES;
				CLANG_WARN_EMPTY_BODY = YES;
				CLANG_WARN_ENUM_CONVERSION = YES;
				CLANG_WARN_INFINITE_RECURSION = YES;
				CLANG_WARN_INT_CONVERSION = YES;
				CLANG_WARN_NON_LITERAL_NULL_CONVERSION = YES;
				CLANG_WARN_OBJC_IMPLICIT_RETAIN_SELF = YES;
				CLANG_WARN_OBJC_LITERAL_CONVERSION = YES;
				CLANG_WARN_OBJC_ROOT_CLASS = YES_ERROR;
				CLANG_WARN_QUOTED_INCLUDE_IN_FRAMEWORK_HEADER = YES;
				CLANG_WARN_RANGE_LOOP_ANALYSIS = YES;
				CLANG_WARN_STRICT_PROTOTYPES = YES;
				CLANG_WARN_SUSPICIOUS_MOVE = YES;
				CLANG_WARN_UNGUARDED_AVAILABILITY = YES_AGGRESSIVE;
				CLANG_WARN_UNREACHABLE_CODE = YES;
				CLANG_WARN__DUPLICATE_METHOD_MATCH = YES;
				COPY_PHASE_STRIP = NO;
				DEBUG_INFORMATION_FORMAT = "dwarf-with-dsym";
				ENABLE_NS_ASSERTIONS = NO;
				ENABLE_STRICT_OBJC_MSGSEND = YES;
				GCC_C_LANGUAGE_STANDARD = gnu11;
				GCC_NO_COMMON_BLOCKS = YES;
				GCC_WARN_64_TO_32_BIT_CONVERSION = YES;
				GCC_WARN_ABOUT_RETURN_TYPE = YES_ERROR;
				GCC_WARN_UNDECLARED_SELECTOR = YES;
				GCC_WARN_UNINITIALIZED_AUTOS = YES_AGGRESSIVE;
				GCC_WARN_UNUSED_FUNCTION = YES;
				GCC_WARN_UNUSED_VARIABLE = YES;
				IPHONEOS_DEPLOYMENT_TARGET = 15.5;
				MTL_ENABLE_DEBUG_INFO = NO;
				MTL_FAST_MATH = YES;
				SDKROOT = iphoneos;
				SWIFT_COMPILATION_MODE = wholemodule;
				SWIFT_OPTIMIZATION_LEVEL = "-O";
				VALIDATE_PRODUCT = YES;
			};
			name = Release;
		};
		3E21B7A62895150200DA097A /* Debug */ = {
			isa = XCBuildConfiguration;
			buildSettings = {
				ASSETCATALOG_COMPILER_APPICON_NAME = AppIcon;
				ASSETCATALOG_COMPILER_GLOBAL_ACCENT_COLOR_NAME = AccentColor;
				CODE_SIGN_STYLE = Automatic;
				CURRENT_PROJECT_VERSION = 1;
				DEVELOPMENT_TEAM = S9G6YGQ76H;
				GENERATE_INFOPLIST_FILE = YES;
				INFOPLIST_FILE = Musicary/Info.plist;
				INFOPLIST_KEY_UIApplicationSupportsIndirectInputEvents = YES;
				INFOPLIST_KEY_UILaunchStoryboardName = LaunchScreen;
				INFOPLIST_KEY_UIMainStoryboardFile = Main;
				INFOPLIST_KEY_UISupportedInterfaceOrientations_iPad = "UIInterfaceOrientationPortrait UIInterfaceOrientationPortraitUpsideDown UIInterfaceOrientationLandscapeLeft UIInterfaceOrientationLandscapeRight";
				INFOPLIST_KEY_UISupportedInterfaceOrientations_iPhone = "UIInterfaceOrientationPortrait UIInterfaceOrientationLandscapeLeft UIInterfaceOrientationLandscapeRight";
				LD_RUNPATH_SEARCH_PATHS = (
					"$(inherited)",
					"@executable_path/Frameworks",
				);
				MARKETING_VERSION = 1.0;
				PRODUCT_BUNDLE_IDENTIFIER = "com-id.Musicary";
				PRODUCT_NAME = "$(TARGET_NAME)";
				SWIFT_EMIT_LOC_STRINGS = YES;
				SWIFT_VERSION = 5.0;
				TARGETED_DEVICE_FAMILY = "1,2";
			};
			name = Debug;
		};
		3E21B7A72895150200DA097A /* Release */ = {
			isa = XCBuildConfiguration;
			buildSettings = {
				ASSETCATALOG_COMPILER_APPICON_NAME = AppIcon;
				ASSETCATALOG_COMPILER_GLOBAL_ACCENT_COLOR_NAME = AccentColor;
				CODE_SIGN_STYLE = Automatic;
				CURRENT_PROJECT_VERSION = 1;
				DEVELOPMENT_TEAM = S9G6YGQ76H;
				GENERATE_INFOPLIST_FILE = YES;
				INFOPLIST_FILE = Musicary/Info.plist;
				INFOPLIST_KEY_UIApplicationSupportsIndirectInputEvents = YES;
				INFOPLIST_KEY_UILaunchStoryboardName = LaunchScreen;
				INFOPLIST_KEY_UIMainStoryboardFile = Main;
				INFOPLIST_KEY_UISupportedInterfaceOrientations_iPad = "UIInterfaceOrientationPortrait UIInterfaceOrientationPortraitUpsideDown UIInterfaceOrientationLandscapeLeft UIInterfaceOrientationLandscapeRight";
				INFOPLIST_KEY_UISupportedInterfaceOrientations_iPhone = "UIInterfaceOrientationPortrait UIInterfaceOrientationLandscapeLeft UIInterfaceOrientationLandscapeRight";
				LD_RUNPATH_SEARCH_PATHS = (
					"$(inherited)",
					"@executable_path/Frameworks",
				);
				MARKETING_VERSION = 1.0;
				PRODUCT_BUNDLE_IDENTIFIER = "com-id.Musicary";
				PRODUCT_NAME = "$(TARGET_NAME)";
				SWIFT_EMIT_LOC_STRINGS = YES;
				SWIFT_VERSION = 5.0;
				TARGETED_DEVICE_FAMILY = "1,2";
			};
			name = Release;
		};
/* End XCBuildConfiguration section */

/* Begin XCConfigurationList section */
		3E21B78C2895150100DA097A /* Build configuration list for PBXProject "Musicary" */ = {
			isa = XCConfigurationList;
			buildConfigurations = (
				3E21B7A32895150200DA097A /* Debug */,
				3E21B7A42895150200DA097A /* Release */,
			);
			defaultConfigurationIsVisible = 0;
			defaultConfigurationName = Release;
		};
		3E21B7A52895150200DA097A /* Build configuration list for PBXNativeTarget "Musicary" */ = {
			isa = XCConfigurationList;
			buildConfigurations = (
				3E21B7A62895150200DA097A /* Debug */,
				3E21B7A72895150200DA097A /* Release */,
			);
			defaultConfigurationIsVisible = 0;
			defaultConfigurationName = Release;
		};
/* End XCConfigurationList section */

/* Begin XCRemoteSwiftPackageReference section */
		3E21B7AA289673D200DA097A /* XCRemoteSwiftPackageReference "firebase-ios-sdk" */ = {
			isa = XCRemoteSwiftPackageReference;
			repositoryURL = "https://github.com/firebase/firebase-ios-sdk";
			requirement = {
				kind = upToNextMajorVersion;
				minimumVersion = 9.0.0;
			};
		};
/* End XCRemoteSwiftPackageReference section */

/* Begin XCSwiftPackageProductDependency section */
		3E21B7AB289673D200DA097A /* FirebaseDatabase */ = {
			isa = XCSwiftPackageProductDependency;
			package = 3E21B7AA289673D200DA097A /* XCRemoteSwiftPackageReference "firebase-ios-sdk" */;
			productName = FirebaseDatabase;
		};
/* End XCSwiftPackageProductDependency section */
	};
	rootObject = 3E21B7892895150100DA097A /* Project object */;
}
